
Microsoft Visual Studio Solution File, Format Version 12.00
# Visual Studio Version 16
VisualStudioVersion = 16.0.31424.327
MinimumVisualStudioVersion = 10.0.40219.1
Project("{FAE04EC0-301F-11D3-BF4B-00C04F79EFBC}") = "Kortspil", "Kortspil\Kortspil.csproj", "{4960C76C-CFD1-41E6-A0ED-599B48007486}"
EndProject
Global
	GlobalSection(SolutionConfigurationPlatforms) = preSolution
		Debug|Any CPU = Debug|Any CPU
		Release|Any CPU = Release|Any CPU
	EndGlobalSection
	GlobalSection(ProjectConfigurationPlatforms) = postSolution
		{4960C76C-CFD1-41E6-A0ED-599B48007486}.Debug|Any CPU.ActiveCfg = Debug|Any CPU
		{4960C76C-CFD1-41E6-A0ED-599B48007486}.Debug|Any CPU.Build.0 = Debug|Any CPU
		{4960C76C-CFD1-41E6-A0ED-599B48007486}.Release|Any CPU.ActiveCfg = Release|Any CPU
		{4960C76C-CFD1-41E6-A0ED-599B48007486}.Release|Any CPU.Build.0 = Release|Any CPU
	EndGlobalSection
	GlobalSection(SolutionProperties) = preSolution
		HideSolutionNode = FALSE
	EndGlobalSection
	GlobalSection(ExtensibilityGlobals) = postSolution
		SolutionGuid = {94E23718-D81A-4C1D-A72E-DBECE165DEC4}
	EndGlobalSection
EndGlobal
